// !$*UTF8*$!
{
	archiveVersion = 1;
	classes = {
	};
	objectVersion = 46;
	objects = {

/* Begin PBXBuildFile section */
		8763ED7B1E3390DA0099DE85 /* CQSBNewSingleType4Cell.m in Sources */ = {isa = PBXBuildFile; fileRef = 8763ED791E3390DA0099DE85 /* CQSBNewSingleType4Cell.m */; };
		8763ED7C1E3390DA0099DE85 /* CQSBNewSingleType4Cell.xib in Resources */ = {isa = PBXBuildFile; fileRef = 8763ED7A1E3390DA0099DE85 /* CQSBNewSingleType4Cell.xib */; };
		8763EDA71E33CCAC0099DE85 /* CQSBNewsDetailVC.m in Sources */ = {isa = PBXBuildFile; fileRef = 8763EDA61E33CCAC0099DE85 /* CQSBNewsDetailVC.m */; };
		9D331EB81E4ABEBB0000C9A8 /* CQSBMeCenterVC.m in Sources */ = {isa = PBXBuildFile; fileRef = 9D331EB71E4ABEBB0000C9A8 /* CQSBMeCenterVC.m */; };
		9D331F261E4AEB8A0000C9A8 /* _JZNavigationInteractiveTransition.m in Sources */ = {isa = PBXBuildFile; fileRef = 9D331F191E4AEB8A0000C9A8 /* _JZNavigationInteractiveTransition.m */; };
		9D331F271E4AEB8A0000C9A8 /* _JZValue.m in Sources */ = {isa = PBXBuildFile; fileRef = 9D331F1B1E4AEB8A0000C9A8 /* _JZValue.m */; };
		9D331F281E4AEB8A0000C9A8 /* NSNumber+JZExtension.m in Sources */ = {isa = PBXBuildFile; fileRef = 9D331F1D1E4AEB8A0000C9A8 /* NSNumber+JZExtension.m */; };
		9D331F291E4AEB8A0000C9A8 /* UINavigationBar+JZExtension.m in Sources */ = {isa = PBXBuildFile; fileRef = 9D331F1F1E4AEB8A0000C9A8 /* UINavigationBar+JZExtension.m */; };
		9D331F2A1E4AEB8A0000C9A8 /* UIToolbar+JZExtension.m in Sources */ = {isa = PBXBuildFile; fileRef = 9D331F211E4AEB8A0000C9A8 /* UIToolbar+JZExtension.m */; };
		9D331F2B1E4AEB8A0000C9A8 /* UINavigationController+JZExtension.m in Sources */ = {isa = PBXBuildFile; fileRef = 9D331F231E4AEB8A0000C9A8 /* UINavigationController+JZExtension.m */; };
		9D331F2C1E4AEB8A0000C9A8 /* UIViewController+JZExtension.m in Sources */ = {isa = PBXBuildFile; fileRef = 9D331F251E4AEB8A0000C9A8 /* UIViewController+JZExtension.m */; };
		9D3E21061E48735B00051D1A /* CQSBDelCellView.m in Sources */ = {isa = PBXBuildFile; fileRef = 9D3E21051E48735B00051D1A /* CQSBDelCellView.m */; };
		9D4524E11E2F05A4002E5E9A /* Foundation+Log.m in Sources */ = {isa = PBXBuildFile; fileRef = 9D4524DD1E2F05A4002E5E9A /* Foundation+Log.m */; };
		9D4524E21E2F05A4002E5E9A /* Reachability.m in Sources */ = {isa = PBXBuildFile; fileRef = 9D4524DF1E2F05A4002E5E9A /* Reachability.m */; };
		9D4524E51E2F05D5002E5E9A /* HSManager.m in Sources */ = {isa = PBXBuildFile; fileRef = 9D4524E41E2F05D5002E5E9A /* HSManager.m */; };
		9D4524E81E2F066D002E5E9A /* CQSB_UserSingleton.m in Sources */ = {isa = PBXBuildFile; fileRef = 9D4524E71E2F066D002E5E9A /* CQSB_UserSingleton.m */; };
		9D4524EB1E2F085D002E5E9A /* HS_Http.m in Sources */ = {isa = PBXBuildFile; fileRef = 9D4524EA1E2F085D002E5E9A /* HS_Http.m */; };
		9D4524EE1E2F0A93002E5E9A /* CQSB_AppSingleton.m in Sources */ = {isa = PBXBuildFile; fileRef = 9D4524ED1E2F0A93002E5E9A /* CQSB_AppSingleton.m */; };
		9D4524F11E2F0F79002E5E9A /* CQSBNewsTypeVC.m in Sources */ = {isa = PBXBuildFile; fileRef = 9D4524F01E2F0F79002E5E9A /* CQSBNewsTypeVC.m */; };
		9D4524F41E2F1594002E5E9A /* cqsb_newstype.plist in Resources */ = {isa = PBXBuildFile; fileRef = 9D4524F31E2F1594002E5E9A /* cqsb_newstype.plist */; };
		9D4524F81E2F35FC002E5E9A /* CQSBNewTypeCollectionReusableView.m in Sources */ = {isa = PBXBuildFile; fileRef = 9D4524F61E2F35FC002E5E9A /* CQSBNewTypeCollectionReusableView.m */; };
		9D4524F91E2F35FC002E5E9A /* CQSBNewTypeCollectionReusableView.xib in Resources */ = {isa = PBXBuildFile; fileRef = 9D4524F71E2F35FC002E5E9A /* CQSBNewTypeCollectionReusableView.xib */; };
		9D4524FD1E2F4D1A002E5E9A /* CQSBNewsTypeCell.m in Sources */ = {isa = PBXBuildFile; fileRef = 9D4524FB1E2F4D1A002E5E9A /* CQSBNewsTypeCell.m */; };
		9D4524FE1E2F4D1A002E5E9A /* CQSBNewsTypeCell.xib in Resources */ = {isa = PBXBuildFile; fileRef = 9D4524FC1E2F4D1A002E5E9A /* CQSBNewsTypeCell.xib */; };
		9D4525011E2F4DE2002E5E9A /* CQSBNewsTypeModel.m in Sources */ = {isa = PBXBuildFile; fileRef = 9D4525001E2F4DE2002E5E9A /* CQSBNewsTypeModel.m */; };
		9D4525081E2F6762002E5E9A /* CQSBPushHomeVC.m in Sources */ = {isa = PBXBuildFile; fileRef = 9D4525071E2F6762002E5E9A /* CQSBPushHomeVC.m */; };
		9D4E92B71E31F508001F8B47 /* cqsb_newsList.plist in Resources */ = {isa = PBXBuildFile; fileRef = 9D4E92B61E31F508001F8B47 /* cqsb_newsList.plist */; };
		9D4E92BA1E31F5D8001F8B47 /* CQSBNewsListModel.m in Sources */ = {isa = PBXBuildFile; fileRef = 9D4E92B91E31F5D8001F8B47 /* CQSBNewsListModel.m */; };
		9D4E92BE1E31FA01001F8B47 /* CQSBNewSingleType1Cell.m in Sources */ = {isa = PBXBuildFile; fileRef = 9D4E92BC1E31FA01001F8B47 /* CQSBNewSingleType1Cell.m */; };
		9D4E92BF1E31FA01001F8B47 /* CQSBNewSingleType1Cell.xib in Resources */ = {isa = PBXBuildFile; fileRef = 9D4E92BD1E31FA01001F8B47 /* CQSBNewSingleType1Cell.xib */; };
		9D4E92C31E32028E001F8B47 /* CQSBNewSingleType2Cell.m in Sources */ = {isa = PBXBuildFile; fileRef = 9D4E92C11E32028E001F8B47 /* CQSBNewSingleType2Cell.m */; };
		9D4E92C41E32028E001F8B47 /* CQSBNewSingleType2Cell.xib in Resources */ = {isa = PBXBuildFile; fileRef = 9D4E92C21E32028E001F8B47 /* CQSBNewSingleType2Cell.xib */; };
		9D4E92C81E32029A001F8B47 /* CQSBNewSingleType3Cell.m in Sources */ = {isa = PBXBuildFile; fileRef = 9D4E92C61E32029A001F8B47 /* CQSBNewSingleType3Cell.m */; };
		9D4E92C91E32029A001F8B47 /* CQSBNewSingleType3Cell.xib in Resources */ = {isa = PBXBuildFile; fileRef = 9D4E92C71E32029A001F8B47 /* CQSBNewSingleType3Cell.xib */; };
		9D5306751E2DB54300C561CE /* CQSBTabBar.m in Sources */ = {isa = PBXBuildFile; fileRef = 9D5306741E2DB54300C561CE /* CQSBTabBar.m */; };
		9D557AB81E209DA400F54EBB /* CQSBBasicVC.m in Sources */ = {isa = PBXBuildFile; fileRef = 9D557AB71E209DA400F54EBB /* CQSBBasicVC.m */; };
		9D6661DD1E1E316C00194595 /* main.m in Sources */ = {isa = PBXBuildFile; fileRef = 9D6661DC1E1E316C00194595 /* main.m */; };
		9D6661E01E1E316C00194595 /* AppDelegate.m in Sources */ = {isa = PBXBuildFile; fileRef = 9D6661DF1E1E316C00194595 /* AppDelegate.m */; };
		9D6661E81E1E316C00194595 /* Assets.xcassets in Resources */ = {isa = PBXBuildFile; fileRef = 9D6661E71E1E316C00194595 /* Assets.xcassets */; };
		9D6661EB1E1E316C00194595 /* LaunchScreen.storyboard in Resources */ = {isa = PBXBuildFile; fileRef = 9D6661E91E1E316C00194595 /* LaunchScreen.storyboard */; };
		9D6662021E1E390C00194595 /* CQSBTabBarController.m in Sources */ = {isa = PBXBuildFile; fileRef = 9D6662011E1E390C00194595 /* CQSBTabBarController.m */; };
		9D6662061E1E3A8300194595 /* CQSBHomeVC.m in Sources */ = {isa = PBXBuildFile; fileRef = 9D6662051E1E3A8300194595 /* CQSBHomeVC.m */; };
		9D6662091E1E3A9700194595 /* CQSBMeVC.m in Sources */ = {isa = PBXBuildFile; fileRef = 9D6662081E1E3A9700194595 /* CQSBMeVC.m */; };
		9D66620C1E1E3AB100194595 /* CQSBNavigationController.m in Sources */ = {isa = PBXBuildFile; fileRef = 9D66620B1E1E3AB100194595 /* CQSBNavigationController.m */; };
		9D6662101E1E3C4100194595 /* UINavigationController+FDFullscreenPopGesture.m in Sources */ = {isa = PBXBuildFile; fileRef = 9D66620F1E1E3C4100194595 /* UINavigationController+FDFullscreenPopGesture.m */; };
		9D6662151E1E3ED800194595 /* CQSBRefreshFooter.m in Sources */ = {isa = PBXBuildFile; fileRef = 9D6662141E1E3ED700194595 /* CQSBRefreshFooter.m */; };
		9D6662181E1E3EEF00194595 /* CQSBRefreshGifFooter.m in Sources */ = {isa = PBXBuildFile; fileRef = 9D6662171E1E3EEF00194595 /* CQSBRefreshGifFooter.m */; };
		9D66621B1E1E3F0600194595 /* CQSBRefreshGifHeader.m in Sources */ = {isa = PBXBuildFile; fileRef = 9D66621A1E1E3F0600194595 /* CQSBRefreshGifHeader.m */; };
		9D66621E1E1E3F1B00194595 /* CQSBRefreshNormalHeader.m in Sources */ = {isa = PBXBuildFile; fileRef = 9D66621D1E1E3F1B00194595 /* CQSBRefreshNormalHeader.m */; };
		9D6662321E1E44CB00194595 /* NSString+HSString.m in Sources */ = {isa = PBXBuildFile; fileRef = 9D6662211E1E44CB00194595 /* NSString+HSString.m */; };
		9D6662331E1E44CB00194595 /* UIBarButtonItem+HSExtension.m in Sources */ = {isa = PBXBuildFile; fileRef = 9D6662231E1E44CB00194595 /* UIBarButtonItem+HSExtension.m */; };
		9D6662341E1E44CB00194595 /* UIButton+HSButton.m in Sources */ = {isa = PBXBuildFile; fileRef = 9D6662251E1E44CB00194595 /* UIButton+HSButton.m */; };
		9D6662351E1E44CB00194595 /* UIImage+Image.m in Sources */ = {isa = PBXBuildFile; fileRef = 9D6662271E1E44CB00194595 /* UIImage+Image.m */; };
		9D6662361E1E44CB00194595 /* UIImageView+HSRound.m in Sources */ = {isa = PBXBuildFile; fileRef = 9D6662291E1E44CB00194595 /* UIImageView+HSRound.m */; };
		9D6662371E1E44CB00194595 /* UILabel+HSLabel.m in Sources */ = {isa = PBXBuildFile; fileRef = 9D66622B1E1E44CB00194595 /* UILabel+HSLabel.m */; };
		9D6662381E1E44CB00194595 /* UINavigationBar+HSNavigationBar.m in Sources */ = {isa = PBXBuildFile; fileRef = 9D66622D1E1E44CB00194595 /* UINavigationBar+HSNavigationBar.m */; };
		9D6662391E1E44CB00194595 /* UITextField+HSTextField.m in Sources */ = {isa = PBXBuildFile; fileRef = 9D66622F1E1E44CB00194595 /* UITextField+HSTextField.m */; };
		9D66623A1E1E44CB00194595 /* UIView+ZKBView.m in Sources */ = {isa = PBXBuildFile; fileRef = 9D6662311E1E44CB00194595 /* UIView+ZKBView.m */; };
		9D66623D1E1E456500194595 /* CQSBHomeTitleBtn.m in Sources */ = {isa = PBXBuildFile; fileRef = 9D66623C1E1E456500194595 /* CQSBHomeTitleBtn.m */; };
		9DBC66C61E471BCA003C9411 /* 2017-02-05 14.56.42.gif in Resources */ = {isa = PBXBuildFile; fileRef = 9DBC66C51E471BCA003C9411 /* 2017-02-05 14.56.42.gif */; };
		9DE8ED0E1E3703DB00247FCA /* CQSBDiscoverCell.m in Sources */ = {isa = PBXBuildFile; fileRef = 9DE8ED0C1E3703DB00247FCA /* CQSBDiscoverCell.m */; };
		9DE8ED0F1E3703DB00247FCA /* CQSBDiscoverCell.xib in Resources */ = {isa = PBXBuildFile; fileRef = 9DE8ED0D1E3703DB00247FCA /* CQSBDiscoverCell.xib */; };
		9DE8ED121E37065F00247FCA /* CQSBDiscoverModel.m in Sources */ = {isa = PBXBuildFile; fileRef = 9DE8ED111E37065F00247FCA /* CQSBDiscoverModel.m */; };
		9DE8ED141E37204700247FCA /* api_discoverHot.plist in Resources */ = {isa = PBXBuildFile; fileRef = 9DE8ED131E37204700247FCA /* api_discoverHot.plist */; };
		9DE8ED161E37205700247FCA /* api_discoverLatest.plist in Resources */ = {isa = PBXBuildFile; fileRef = 9DE8ED151E37205700247FCA /* api_discoverLatest.plist */; };
		9DE8ED181E3720B800247FCA /* api_discoverSelf.plist in Resources */ = {isa = PBXBuildFile; fileRef = 9DE8ED171E3720B800247FCA /* api_discoverSelf.plist */; };
		E03D648DFED23AF3FA06EF2D /* libPods-cqtimes.a in Frameworks */ = {isa = PBXBuildFile; fileRef = 203BB15640B690AAC1E215C5 /* libPods-cqtimes.a */; };
/* End PBXBuildFile section */

/* Begin PBXFileReference section */
		203BB15640B690AAC1E215C5 /* libPods-cqtimes.a */ = {isa = PBXFileReference; explicitFileType = archive.ar; includeInIndex = 0; path = "libPods-cqtimes.a"; sourceTree = BUILT_PRODUCTS_DIR; };
		6C4F918D5DBAB0F31F8AD5B0 /* Pods-cqtimes.release.xcconfig */ = {isa = PBXFileReference; includeInIndex = 1; lastKnownFileType = text.xcconfig; name = "Pods-cqtimes.release.xcconfig"; path = "Pods/Target Support Files/Pods-cqtimes/Pods-cqtimes.release.xcconfig"; sourceTree = "<group>"; };
		8763ED781E3390DA0099DE85 /* CQSBNewSingleType4Cell.h */ = {isa = PBXFileReference; fileEncoding = 4; lastKnownFileType = sourcecode.c.h; path = CQSBNewSingleType4Cell.h; sourceTree = "<group>"; };
		8763ED791E3390DA0099DE85 /* CQSBNewSingleType4Cell.m */ = {isa = PBXFileReference; fileEncoding = 4; lastKnownFileType = sourcecode.c.objc; path = CQSBNewSingleType4Cell.m; sourceTree = "<group>"; };
		8763ED7A1E3390DA0099DE85 /* CQSBNewSingleType4Cell.xib */ = {isa = PBXFileReference; fileEncoding = 4; lastKnownFileType = file.xib; path = CQSBNewSingleType4Cell.xib; sourceTree = "<group>"; };
		8763EDA51E33CCAC0099DE85 /* CQSBNewsDetailVC.h */ = {isa = PBXFileReference; fileEncoding = 4; lastKnownFileType = sourcecode.c.h; path = CQSBNewsDetailVC.h; sourceTree = "<group>"; };
		8763EDA61E33CCAC0099DE85 /* CQSBNewsDetailVC.m */ = {isa = PBXFileReference; fileEncoding = 4; lastKnownFileType = sourcecode.c.objc; path = CQSBNewsDetailVC.m; sourceTree = "<group>"; };
		9D331EB61E4ABEBB0000C9A8 /* CQSBMeCenterVC.h */ = {isa = PBXFileReference; fileEncoding = 4; lastKnownFileType = sourcecode.c.h; path = CQSBMeCenterVC.h; sourceTree = "<group>"; };
		9D331EB71E4ABEBB0000C9A8 /* CQSBMeCenterVC.m */ = {isa = PBXFileReference; fileEncoding = 4; lastKnownFileType = sourcecode.c.objc; path = CQSBMeCenterVC.m; sourceTree = "<group>"; };
		9D331F151E4AEB8A0000C9A8 /* JZNavigationExtension.h */ = {isa = PBXFileReference; fileEncoding = 4; lastKnownFileType = sourcecode.c.h; path = JZNavigationExtension.h; sourceTree = "<group>"; };
		9D331F171E4AEB8A0000C9A8 /* _JZ-objc-internal.h */ = {isa = PBXFileReference; fileEncoding = 4; lastKnownFileType = sourcecode.c.h; path = "_JZ-objc-internal.h"; sourceTree = "<group>"; };
		9D331F181E4AEB8A0000C9A8 /* _JZNavigationInteractiveTransition.h */ = {isa = PBXFileReference; fileEncoding = 4; lastKnownFileType = sourcecode.c.h; path = _JZNavigationInteractiveTransition.h; sourceTree = "<group>"; };
		9D331F191E4AEB8A0000C9A8 /* _JZNavigationInteractiveTransition.m */ = {isa = PBXFileReference; fileEncoding = 4; lastKnownFileType = sourcecode.c.objc; path = _JZNavigationInteractiveTransition.m; sourceTree = "<group>"; };
		9D331F1A1E4AEB8A0000C9A8 /* _JZValue.h */ = {isa = PBXFileReference; fileEncoding = 4; lastKnownFileType = sourcecode.c.h; path = _JZValue.h; sourceTree = "<group>"; };
		9D331F1B1E4AEB8A0000C9A8 /* _JZValue.m */ = {isa = PBXFileReference; fileEncoding = 4; lastKnownFileType = sourcecode.c.objc; path = _JZValue.m; sourceTree = "<group>"; };
		9D331F1C1E4AEB8A0000C9A8 /* NSNumber+JZExtension.h */ = {isa = PBXFileReference; fileEncoding = 4; lastKnownFileType = sourcecode.c.h; path = "NSNumber+JZExtension.h"; sourceTree = "<group>"; };
		9D331F1D1E4AEB8A0000C9A8 /* NSNumber+JZExtension.m */ = {isa = PBXFileReference; fileEncoding = 4; lastKnownFileType = sourcecode.c.objc; path = "NSNumber+JZExtension.m"; sourceTree = "<group>"; };
		9D331F1E1E4AEB8A0000C9A8 /* UINavigationBar+JZExtension.h */ = {isa = PBXFileReference; fileEncoding = 4; lastKnownFileType = sourcecode.c.h; path = "UINavigationBar+JZExtension.h"; sourceTree = "<group>"; };
		9D331F1F1E4AEB8A0000C9A8 /* UINavigationBar+JZExtension.m */ = {isa = PBXFileReference; fileEncoding = 4; lastKnownFileType = sourcecode.c.objc; path = "UINavigationBar+JZExtension.m"; sourceTree = "<group>"; };
		9D331F201E4AEB8A0000C9A8 /* UIToolbar+JZExtension.h */ = {isa = PBXFileReference; fileEncoding = 4; lastKnownFileType = sourcecode.c.h; path = "UIToolbar+JZExtension.h"; sourceTree = "<group>"; };
		9D331F211E4AEB8A0000C9A8 /* UIToolbar+JZExtension.m */ = {isa = PBXFileReference; fileEncoding = 4; lastKnownFileType = sourcecode.c.objc; path = "UIToolbar+JZExtension.m"; sourceTree = "<group>"; };
		9D331F221E4AEB8A0000C9A8 /* UINavigationController+JZExtension.h */ = {isa = PBXFileReference; fileEncoding = 4; lastKnownFileType = sourcecode.c.h; path = "UINavigationController+JZExtension.h"; sourceTree = "<group>"; };
		9D331F231E4AEB8A0000C9A8 /* UINavigationController+JZExtension.m */ = {isa = PBXFileReference; fileEncoding = 4; lastKnownFileType = sourcecode.c.objc; path = "UINavigationController+JZExtension.m"; sourceTree = "<group>"; };
		9D331F241E4AEB8A0000C9A8 /* UIViewController+JZExtension.h */ = {isa = PBXFileReference; fileEncoding = 4; lastKnownFileType = sourcecode.c.h; path = "UIViewController+JZExtension.h"; sourceTree = "<group>"; };
		9D331F251E4AEB8A0000C9A8 /* UIViewController+JZExtension.m */ = {isa = PBXFileReference; fileEncoding = 4; lastKnownFileType = sourcecode.c.objc; path = "UIViewController+JZExtension.m"; sourceTree = "<group>"; };
		9D3E21041E48735B00051D1A /* CQSBDelCellView.h */ = {isa = PBXFileReference; fileEncoding = 4; lastKnownFileType = sourcecode.c.h; path = CQSBDelCellView.h; sourceTree = "<group>"; };
		9D3E21051E48735B00051D1A /* CQSBDelCellView.m */ = {isa = PBXFileReference; fileEncoding = 4; lastKnownFileType = sourcecode.c.objc; path = CQSBDelCellView.m; sourceTree = "<group>"; };
		9D4524DD1E2F05A4002E5E9A /* Foundation+Log.m */ = {isa = PBXFileReference; fileEncoding = 4; lastKnownFileType = sourcecode.c.objc; path = "Foundation+Log.m"; sourceTree = "<group>"; };
		9D4524DE1E2F05A4002E5E9A /* Reachability.h */ = {isa = PBXFileReference; fileEncoding = 4; lastKnownFileType = sourcecode.c.h; path = Reachability.h; sourceTree = "<group>"; };
		9D4524DF1E2F05A4002E5E9A /* Reachability.m */ = {isa = PBXFileReference; fileEncoding = 4; lastKnownFileType = sourcecode.c.objc; path = Reachability.m; sourceTree = "<group>"; };
		9D4524E01E2F05A4002E5E9A /* Singleton.h */ = {isa = PBXFileReference; fileEncoding = 4; lastKnownFileType = sourcecode.c.h; path = Singleton.h; sourceTree = "<group>"; };
		9D4524E31E2F05D5002E5E9A /* HSManager.h */ = {isa = PBXFileReference; fileEncoding = 4; lastKnownFileType = sourcecode.c.h; path = HSManager.h; sourceTree = "<group>"; };
		9D4524E41E2F05D5002E5E9A /* HSManager.m */ = {isa = PBXFileReference; fileEncoding = 4; lastKnownFileType = sourcecode.c.objc; path = HSManager.m; sourceTree = "<group>"; };
		9D4524E61E2F066D002E5E9A /* CQSB_UserSingleton.h */ = {isa = PBXFileReference; fileEncoding = 4; lastKnownFileType = sourcecode.c.h; path = CQSB_UserSingleton.h; sourceTree = "<group>"; };
		9D4524E71E2F066D002E5E9A /* CQSB_UserSingleton.m */ = {isa = PBXFileReference; fileEncoding = 4; lastKnownFileType = sourcecode.c.objc; path = CQSB_UserSingleton.m; sourceTree = "<group>"; };
		9D4524E91E2F085D002E5E9A /* HS_Http.h */ = {isa = PBXFileReference; fileEncoding = 4; lastKnownFileType = sourcecode.c.h; path = HS_Http.h; sourceTree = "<group>"; };
		9D4524EA1E2F085D002E5E9A /* HS_Http.m */ = {isa = PBXFileReference; fileEncoding = 4; lastKnownFileType = sourcecode.c.objc; path = HS_Http.m; sourceTree = "<group>"; };
		9D4524EC1E2F0A93002E5E9A /* CQSB_AppSingleton.h */ = {isa = PBXFileReference; fileEncoding = 4; lastKnownFileType = sourcecode.c.h; path = CQSB_AppSingleton.h; sourceTree = "<group>"; };
		9D4524ED1E2F0A93002E5E9A /* CQSB_AppSingleton.m */ = {isa = PBXFileReference; fileEncoding = 4; lastKnownFileType = sourcecode.c.objc; path = CQSB_AppSingleton.m; sourceTree = "<group>"; };
		9D4524EF1E2F0F79002E5E9A /* CQSBNewsTypeVC.h */ = {isa = PBXFileReference; fileEncoding = 4; lastKnownFileType = sourcecode.c.h; path = CQSBNewsTypeVC.h; sourceTree = "<group>"; };
		9D4524F01E2F0F79002E5E9A /* CQSBNewsTypeVC.m */ = {isa = PBXFileReference; fileEncoding = 4; lastKnownFileType = sourcecode.c.objc; path = CQSBNewsTypeVC.m; sourceTree = "<group>"; };
		9D4524F31E2F1594002E5E9A /* cqsb_newstype.plist */ = {isa = PBXFileReference; fileEncoding = 4; lastKnownFileType = text.plist.xml; path = cqsb_newstype.plist; sourceTree = "<group>"; };
		9D4524F51E2F35FC002E5E9A /* CQSBNewTypeCollectionReusableView.h */ = {isa = PBXFileReference; fileEncoding = 4; lastKnownFileType = sourcecode.c.h; path = CQSBNewTypeCollectionReusableView.h; sourceTree = "<group>"; };
		9D4524F61E2F35FC002E5E9A /* CQSBNewTypeCollectionReusableView.m */ = {isa = PBXFileReference; fileEncoding = 4; lastKnownFileType = sourcecode.c.objc; path = CQSBNewTypeCollectionReusableView.m; sourceTree = "<group>"; };
		9D4524F71E2F35FC002E5E9A /* CQSBNewTypeCollectionReusableView.xib */ = {isa = PBXFileReference; fileEncoding = 4; lastKnownFileType = file.xib; path = CQSBNewTypeCollectionReusableView.xib; sourceTree = "<group>"; };
		9D4524FA1E2F4D1A002E5E9A /* CQSBNewsTypeCell.h */ = {isa = PBXFileReference; fileEncoding = 4; lastKnownFileType = sourcecode.c.h; path = CQSBNewsTypeCell.h; sourceTree = "<group>"; };
		9D4524FB1E2F4D1A002E5E9A /* CQSBNewsTypeCell.m */ = {isa = PBXFileReference; fileEncoding = 4; lastKnownFileType = sourcecode.c.objc; path = CQSBNewsTypeCell.m; sourceTree = "<group>"; };
		9D4524FC1E2F4D1A002E5E9A /* CQSBNewsTypeCell.xib */ = {isa = PBXFileReference; fileEncoding = 4; lastKnownFileType = file.xib; path = CQSBNewsTypeCell.xib; sourceTree = "<group>"; };
		9D4524FF1E2F4DE2002E5E9A /* CQSBNewsTypeModel.h */ = {isa = PBXFileReference; fileEncoding = 4; lastKnownFileType = sourcecode.c.h; path = CQSBNewsTypeModel.h; sourceTree = "<group>"; };
		9D4525001E2F4DE2002E5E9A /* CQSBNewsTypeModel.m */ = {isa = PBXFileReference; fileEncoding = 4; lastKnownFileType = sourcecode.c.objc; path = CQSBNewsTypeModel.m; sourceTree = "<group>"; };
		9D4525061E2F6762002E5E9A /* CQSBPushHomeVC.h */ = {isa = PBXFileReference; fileEncoding = 4; lastKnownFileType = sourcecode.c.h; path = CQSBPushHomeVC.h; sourceTree = "<group>"; };
		9D4525071E2F6762002E5E9A /* CQSBPushHomeVC.m */ = {isa = PBXFileReference; fileEncoding = 4; lastKnownFileType = sourcecode.c.objc; path = CQSBPushHomeVC.m; sourceTree = "<group>"; };
		9D4E92B61E31F508001F8B47 /* cqsb_newsList.plist */ = {isa = PBXFileReference; fileEncoding = 4; lastKnownFileType = text.plist.xml; path = cqsb_newsList.plist; sourceTree = "<group>"; };
		9D4E92B81E31F5D8001F8B47 /* CQSBNewsListModel.h */ = {isa = PBXFileReference; fileEncoding = 4; lastKnownFileType = sourcecode.c.h; path = CQSBNewsListModel.h; sourceTree = "<group>"; };
		9D4E92B91E31F5D8001F8B47 /* CQSBNewsListModel.m */ = {isa = PBXFileReference; fileEncoding = 4; lastKnownFileType = sourcecode.c.objc; path = CQSBNewsListModel.m; sourceTree = "<group>"; };
		9D4E92BB1E31FA01001F8B47 /* CQSBNewSingleType1Cell.h */ = {isa = PBXFileReference; fileEncoding = 4; lastKnownFileType = sourcecode.c.h; path = CQSBNewSingleType1Cell.h; sourceTree = "<group>"; };
		9D4E92BC1E31FA01001F8B47 /* CQSBNewSingleType1Cell.m */ = {isa = PBXFileReference; fileEncoding = 4; lastKnownFileType = sourcecode.c.objc; path = CQSBNewSingleType1Cell.m; sourceTree = "<group>"; };
		9D4E92BD1E31FA01001F8B47 /* CQSBNewSingleType1Cell.xib */ = {isa = PBXFileReference; fileEncoding = 4; lastKnownFileType = file.xib; path = CQSBNewSingleType1Cell.xib; sourceTree = "<group>"; };
		9D4E92C01E32028E001F8B47 /* CQSBNewSingleType2Cell.h */ = {isa = PBXFileReference; fileEncoding = 4; lastKnownFileType = sourcecode.c.h; path = CQSBNewSingleType2Cell.h; sourceTree = "<group>"; };
		9D4E92C11E32028E001F8B47 /* CQSBNewSingleType2Cell.m */ = {isa = PBXFileReference; fileEncoding = 4; lastKnownFileType = sourcecode.c.objc; path = CQSBNewSingleType2Cell.m; sourceTree = "<group>"; };
		9D4E92C21E32028E001F8B47 /* CQSBNewSingleType2Cell.xib */ = {isa = PBXFileReference; fileEncoding = 4; lastKnownFileType = file.xib; path = CQSBNewSingleType2Cell.xib; sourceTree = "<group>"; };
		9D4E92C51E32029A001F8B47 /* CQSBNewSingleType3Cell.h */ = {isa = PBXFileReference; fileEncoding = 4; lastKnownFileType = sourcecode.c.h; path = CQSBNewSingleType3Cell.h; sourceTree = "<group>"; };
		9D4E92C61E32029A001F8B47 /* CQSBNewSingleType3Cell.m */ = {isa = PBXFileReference; fileEncoding = 4; lastKnownFileType = sourcecode.c.objc; path = CQSBNewSingleType3Cell.m; sourceTree = "<group>"; };
		9D4E92C71E32029A001F8B47 /* CQSBNewSingleType3Cell.xib */ = {isa = PBXFileReference; fileEncoding = 4; lastKnownFileType = file.xib; path = CQSBNewSingleType3Cell.xib; sourceTree = "<group>"; };
		9D5306731E2DB54300C561CE /* CQSBTabBar.h */ = {isa = PBXFileReference; fileEncoding = 4; lastKnownFileType = sourcecode.c.h; path = CQSBTabBar.h; sourceTree = "<group>"; };
		9D5306741E2DB54300C561CE /* CQSBTabBar.m */ = {isa = PBXFileReference; fileEncoding = 4; lastKnownFileType = sourcecode.c.objc; path = CQSBTabBar.m; sourceTree = "<group>"; };
		9D557AB61E209DA400F54EBB /* CQSBBasicVC.h */ = {isa = PBXFileReference; fileEncoding = 4; lastKnownFileType = sourcecode.c.h; path = CQSBBasicVC.h; sourceTree = "<group>"; };
		9D557AB71E209DA400F54EBB /* CQSBBasicVC.m */ = {isa = PBXFileReference; fileEncoding = 4; lastKnownFileType = sourcecode.c.objc; path = CQSBBasicVC.m; sourceTree = "<group>"; };
		9D6661D81E1E316C00194595 /* cqtimes.app */ = {isa = PBXFileReference; explicitFileType = wrapper.application; includeInIndex = 0; path = cqtimes.app; sourceTree = BUILT_PRODUCTS_DIR; };
		9D6661DC1E1E316C00194595 /* main.m */ = {isa = PBXFileReference; lastKnownFileType = sourcecode.c.objc; path = main.m; sourceTree = "<group>"; };
		9D6661DE1E1E316C00194595 /* AppDelegate.h */ = {isa = PBXFileReference; lastKnownFileType = sourcecode.c.h; path = AppDelegate.h; sourceTree = "<group>"; };
		9D6661DF1E1E316C00194595 /* AppDelegate.m */ = {isa = PBXFileReference; lastKnownFileType = sourcecode.c.objc; path = AppDelegate.m; sourceTree = "<group>"; };
		9D6661E71E1E316C00194595 /* Assets.xcassets */ = {isa = PBXFileReference; lastKnownFileType = folder.assetcatalog; path = Assets.xcassets; sourceTree = "<group>"; };
		9D6661EA1E1E316C00194595 /* Base */ = {isa = PBXFileReference; lastKnownFileType = file.storyboard; name = Base; path = Base.lproj/LaunchScreen.storyboard; sourceTree = "<group>"; };
		9D6661EC1E1E316C00194595 /* Info.plist */ = {isa = PBXFileReference; lastKnownFileType = text.plist.xml; path = Info.plist; sourceTree = "<group>"; };
		9D6662001E1E390C00194595 /* CQSBTabBarController.h */ = {isa = PBXFileReference; fileEncoding = 4; lastKnownFileType = sourcecode.c.h; path = CQSBTabBarController.h; sourceTree = "<group>"; };
		9D6662011E1E390C00194595 /* CQSBTabBarController.m */ = {isa = PBXFileReference; fileEncoding = 4; lastKnownFileType = sourcecode.c.objc; path = CQSBTabBarController.m; sourceTree = "<group>"; };
		9D6662031E1E394200194595 /* PrefixHeader.pch */ = {isa = PBXFileReference; lastKnownFileType = sourcecode.c.h; path = PrefixHeader.pch; sourceTree = "<group>"; };
		9D6662041E1E3A8300194595 /* CQSBHomeVC.h */ = {isa = PBXFileReference; fileEncoding = 4; lastKnownFileType = sourcecode.c.h; path = CQSBHomeVC.h; sourceTree = "<group>"; };
		9D6662051E1E3A8300194595 /* CQSBHomeVC.m */ = {isa = PBXFileReference; fileEncoding = 4; lastKnownFileType = sourcecode.c.objc; path = CQSBHomeVC.m; sourceTree = "<group>"; };
		9D6662071E1E3A9700194595 /* CQSBMeVC.h */ = {isa = PBXFileReference; fileEncoding = 4; lastKnownFileType = sourcecode.c.h; path = CQSBMeVC.h; sourceTree = "<group>"; };
		9D6662081E1E3A9700194595 /* CQSBMeVC.m */ = {isa = PBXFileReference; fileEncoding = 4; lastKnownFileType = sourcecode.c.objc; path = CQSBMeVC.m; sourceTree = "<group>"; };
		9D66620A1E1E3AB100194595 /* CQSBNavigationController.h */ = {isa = PBXFileReference; fileEncoding = 4; lastKnownFileType = sourcecode.c.h; path = CQSBNavigationController.h; sourceTree = "<group>"; };
		9D66620B1E1E3AB100194595 /* CQSBNavigationController.m */ = {isa = PBXFileReference; fileEncoding = 4; lastKnownFileType = sourcecode.c.objc; path = CQSBNavigationController.m; sourceTree = "<group>"; };
		9D66620E1E1E3C4100194595 /* UINavigationController+FDFullscreenPopGesture.h */ = {isa = PBXFileReference; fileEncoding = 4; lastKnownFileType = sourcecode.c.h; path = "UINavigationController+FDFullscreenPopGesture.h"; sourceTree = "<group>"; };
		9D66620F1E1E3C4100194595 /* UINavigationController+FDFullscreenPopGesture.m */ = {isa = PBXFileReference; fileEncoding = 4; lastKnownFileType = sourcecode.c.objc; path = "UINavigationController+FDFullscreenPopGesture.m"; sourceTree = "<group>"; };
		9D6662131E1E3ED700194595 /* CQSBRefreshFooter.h */ = {isa = PBXFileReference; fileEncoding = 4; lastKnownFileType = sourcecode.c.h; path = CQSBRefreshFooter.h; sourceTree = "<group>"; };
		9D6662141E1E3ED700194595 /* CQSBRefreshFooter.m */ = {isa = PBXFileReference; fileEncoding = 4; lastKnownFileType = sourcecode.c.objc; path = CQSBRefreshFooter.m; sourceTree = "<group>"; };
		9D6662161E1E3EEF00194595 /* CQSBRefreshGifFooter.h */ = {isa = PBXFileReference; fileEncoding = 4; lastKnownFileType = sourcecode.c.h; path = CQSBRefreshGifFooter.h; sourceTree = "<group>"; };
		9D6662171E1E3EEF00194595 /* CQSBRefreshGifFooter.m */ = {isa = PBXFileReference; fileEncoding = 4; lastKnownFileType = sourcecode.c.objc; path = CQSBRefreshGifFooter.m; sourceTree = "<group>"; };
		9D6662191E1E3F0600194595 /* CQSBRefreshGifHeader.h */ = {isa = PBXFileReference; fileEncoding = 4; lastKnownFileType = sourcecode.c.h; path = CQSBRefreshGifHeader.h; sourceTree = "<group>"; };
		9D66621A1E1E3F0600194595 /* CQSBRefreshGifHeader.m */ = {isa = PBXFileReference; fileEncoding = 4; lastKnownFileType = sourcecode.c.objc; path = CQSBRefreshGifHeader.m; sourceTree = "<group>"; };
		9D66621C1E1E3F1B00194595 /* CQSBRefreshNormalHeader.h */ = {isa = PBXFileReference; fileEncoding = 4; lastKnownFileType = sourcecode.c.h; path = CQSBRefreshNormalHeader.h; sourceTree = "<group>"; };
		9D66621D1E1E3F1B00194595 /* CQSBRefreshNormalHeader.m */ = {isa = PBXFileReference; fileEncoding = 4; lastKnownFileType = sourcecode.c.objc; path = CQSBRefreshNormalHeader.m; sourceTree = "<group>"; };
		9D66621F1E1E3FA800194595 /* ApiHeader.h */ = {isa = PBXFileReference; lastKnownFileType = sourcecode.c.h; path = ApiHeader.h; sourceTree = "<group>"; };
		9D6662201E1E44CB00194595 /* NSString+HSString.h */ = {isa = PBXFileReference; fileEncoding = 4; lastKnownFileType = sourcecode.c.h; path = "NSString+HSString.h"; sourceTree = "<group>"; };
		9D6662211E1E44CB00194595 /* NSString+HSString.m */ = {isa = PBXFileReference; fileEncoding = 4; lastKnownFileType = sourcecode.c.objc; path = "NSString+HSString.m"; sourceTree = "<group>"; };
		9D6662221E1E44CB00194595 /* UIBarButtonItem+HSExtension.h */ = {isa = PBXFileReference; fileEncoding = 4; lastKnownFileType = sourcecode.c.h; path = "UIBarButtonItem+HSExtension.h"; sourceTree = "<group>"; };
		9D6662231E1E44CB00194595 /* UIBarButtonItem+HSExtension.m */ = {isa = PBXFileReference; fileEncoding = 4; lastKnownFileType = sourcecode.c.objc; path = "UIBarButtonItem+HSExtension.m"; sourceTree = "<group>"; };
		9D6662241E1E44CB00194595 /* UIButton+HSButton.h */ = {isa = PBXFileReference; fileEncoding = 4; lastKnownFileType = sourcecode.c.h; path = "UIButton+HSButton.h"; sourceTree = "<group>"; };
		9D6662251E1E44CB00194595 /* UIButton+HSButton.m */ = {isa = PBXFileReference; fileEncoding = 4; lastKnownFileType = sourcecode.c.objc; path = "UIButton+HSButton.m"; sourceTree = "<group>"; };
		9D6662261E1E44CB00194595 /* UIImage+Image.h */ = {isa = PBXFileReference; fileEncoding = 4; lastKnownFileType = sourcecode.c.h; path = "UIImage+Image.h"; sourceTree = "<group>"; };
		9D6662271E1E44CB00194595 /* UIImage+Image.m */ = {isa = PBXFileReference; fileEncoding = 4; lastKnownFileType = sourcecode.c.objc; path = "UIImage+Image.m"; sourceTree = "<group>"; };
		9D6662281E1E44CB00194595 /* UIImageView+HSRound.h */ = {isa = PBXFileReference; fileEncoding = 4; lastKnownFileType = sourcecode.c.h; path = "UIImageView+HSRound.h"; sourceTree = "<group>"; };
		9D6662291E1E44CB00194595 /* UIImageView+HSRound.m */ = {isa = PBXFileReference; fileEncoding = 4; lastKnownFileType = sourcecode.c.objc; path = "UIImageView+HSRound.m"; sourceTree = "<group>"; };
		9D66622A1E1E44CB00194595 /* UILabel+HSLabel.h */ = {isa = PBXFileReference; fileEncoding = 4; lastKnownFileType = sourcecode.c.h; path = "UILabel+HSLabel.h"; sourceTree = "<group>"; };
		9D66622B1E1E44CB00194595 /* UILabel+HSLabel.m */ = {isa = PBXFileReference; fileEncoding = 4; lastKnownFileType = sourcecode.c.objc; path = "UILabel+HSLabel.m"; sourceTree = "<group>"; };
		9D66622C1E1E44CB00194595 /* UINavigationBar+HSNavigationBar.h */ = {isa = PBXFileReference; fileEncoding = 4; lastKnownFileType = sourcecode.c.h; path = "UINavigationBar+HSNavigationBar.h"; sourceTree = "<group>"; };
		9D66622D1E1E44CB00194595 /* UINavigationBar+HSNavigationBar.m */ = {isa = PBXFileReference; fileEncoding = 4; lastKnownFileType = sourcecode.c.objc; path = "UINavigationBar+HSNavigationBar.m"; sourceTree = "<group>"; };
		9D66622E1E1E44CB00194595 /* UITextField+HSTextField.h */ = {isa = PBXFileReference; fileEncoding = 4; lastKnownFileType = sourcecode.c.h; path = "UITextField+HSTextField.h"; sourceTree = "<group>"; };
		9D66622F1E1E44CB00194595 /* UITextField+HSTextField.m */ = {isa = PBXFileReference; fileEncoding = 4; lastKnownFileType = sourcecode.c.objc; path = "UITextField+HSTextField.m"; sourceTree = "<group>"; };
		9D6662301E1E44CB00194595 /* UIView+ZKBView.h */ = {isa = PBXFileReference; fileEncoding = 4; lastKnownFileType = sourcecode.c.h; path = "UIView+ZKBView.h"; sourceTree = "<group>"; };
		9D6662311E1E44CB00194595 /* UIView+ZKBView.m */ = {isa = PBXFileReference; fileEncoding = 4; lastKnownFileType = sourcecode.c.objc; path = "UIView+ZKBView.m"; sourceTree = "<group>"; };
		9D66623B1E1E456500194595 /* CQSBHomeTitleBtn.h */ = {isa = PBXFileReference; fileEncoding = 4; lastKnownFileType = sourcecode.c.h; path = CQSBHomeTitleBtn.h; sourceTree = "<group>"; };
		9D66623C1E1E456500194595 /* CQSBHomeTitleBtn.m */ = {isa = PBXFileReference; fileEncoding = 4; lastKnownFileType = sourcecode.c.objc; path = CQSBHomeTitleBtn.m; sourceTree = "<group>"; };
		9DBC66C51E471BCA003C9411 /* 2017-02-05 14.56.42.gif */ = {isa = PBXFileReference; lastKnownFileType = image.gif; path = "2017-02-05 14.56.42.gif"; sourceTree = "<group>"; };
		9DE8ED0B1E3703DB00247FCA /* CQSBDiscoverCell.h */ = {isa = PBXFileReference; fileEncoding = 4; lastKnownFileType = sourcecode.c.h; path = CQSBDiscoverCell.h; sourceTree = "<group>"; };
		9DE8ED0C1E3703DB00247FCA /* CQSBDiscoverCell.m */ = {isa = PBXFileReference; fileEncoding = 4; lastKnownFileType = sourcecode.c.objc; path = CQSBDiscoverCell.m; sourceTree = "<group>"; };
		9DE8ED0D1E3703DB00247FCA /* CQSBDiscoverCell.xib */ = {isa = PBXFileReference; fileEncoding = 4; lastKnownFileType = file.xib; path = CQSBDiscoverCell.xib; sourceTree = "<group>"; };
		9DE8ED101E37065F00247FCA /* CQSBDiscoverModel.h */ = {isa = PBXFileReference; fileEncoding = 4; lastKnownFileType = sourcecode.c.h; path = CQSBDiscoverModel.h; sourceTree = "<group>"; };
		9DE8ED111E37065F00247FCA /* CQSBDiscoverModel.m */ = {isa = PBXFileReference; fileEncoding = 4; lastKnownFileType = sourcecode.c.objc; path = CQSBDiscoverModel.m; sourceTree = "<group>"; };
		9DE8ED131E37204700247FCA /* api_discoverHot.plist */ = {isa = PBXFileReference; fileEncoding = 4; lastKnownFileType = text.plist.xml; path = api_discoverHot.plist; sourceTree = "<group>"; };
		9DE8ED151E37205700247FCA /* api_discoverLatest.plist */ = {isa = PBXFileReference; fileEncoding = 4; lastKnownFileType = text.plist.xml; path = api_discoverLatest.plist; sourceTree = "<group>"; };
		9DE8ED171E3720B800247FCA /* api_discoverSelf.plist */ = {isa = PBXFileReference; fileEncoding = 4; lastKnownFileType = text.plist.xml; path = api_discoverSelf.plist; sourceTree = "<group>"; };
		C4E9E0A9B96FEC4A9CF3F1B2 /* Pods-cqtimes.debug.xcconfig */ = {isa = PBXFileReference; includeInIndex = 1; lastKnownFileType = text.xcconfig; name = "Pods-cqtimes.debug.xcconfig"; path = "Pods/Target Support Files/Pods-cqtimes/Pods-cqtimes.debug.xcconfig"; sourceTree = "<group>"; };
/* End PBXFileReference section */

/* Begin PBXFrameworksBuildPhase section */
		9D6661D51E1E316C00194595 /* Frameworks */ = {
			isa = PBXFrameworksBuildPhase;
			buildActionMask = 2147483647;
			files = (
				E03D648DFED23AF3FA06EF2D /* libPods-cqtimes.a in Frameworks */,
			);
			runOnlyForDeploymentPostprocessing = 0;
		};
/* End PBXFrameworksBuildPhase section */

/* Begin PBXGroup section */
		59E64E65EF76A83C23D0C880 /* Frameworks */ = {
			isa = PBXGroup;
			children = (
				203BB15640B690AAC1E215C5 /* libPods-cqtimes.a */,
			);
			name = Frameworks;
			sourceTree = "<group>";
		};
		8E1309DED54015B197B92AE3 /* Pods */ = {
			isa = PBXGroup;
			children = (
				C4E9E0A9B96FEC4A9CF3F1B2 /* Pods-cqtimes.debug.xcconfig */,
				6C4F918D5DBAB0F31F8AD5B0 /* Pods-cqtimes.release.xcconfig */,
			);
			name = Pods;
			sourceTree = "<group>";
		};
		9D331F141E4AEB8A0000C9A8 /* JZNavigationExtension */ = {
			isa = PBXGroup;
			children = (
				9D331F151E4AEB8A0000C9A8 /* JZNavigationExtension.h */,
				9D331F161E4AEB8A0000C9A8 /* Private */,
				9D331F221E4AEB8A0000C9A8 /* UINavigationController+JZExtension.h */,
				9D331F231E4AEB8A0000C9A8 /* UINavigationController+JZExtension.m */,
				9D331F241E4AEB8A0000C9A8 /* UIViewController+JZExtension.h */,
				9D331F251E4AEB8A0000C9A8 /* UIViewController+JZExtension.m */,
			);
			path = JZNavigationExtension;
			sourceTree = "<group>";
		};
		9D331F161E4AEB8A0000C9A8 /* Private */ = {
			isa = PBXGroup;
			children = (
				9D331F171E4AEB8A0000C9A8 /* _JZ-objc-internal.h */,
				9D331F181E4AEB8A0000C9A8 /* _JZNavigationInteractiveTransition.h */,
				9D331F191E4AEB8A0000C9A8 /* _JZNavigationInteractiveTransition.m */,
				9D331F1A1E4AEB8A0000C9A8 /* _JZValue.h */,
				9D331F1B1E4AEB8A0000C9A8 /* _JZValue.m */,
				9D331F1C1E4AEB8A0000C9A8 /* NSNumber+JZExtension.h */,
				9D331F1D1E4AEB8A0000C9A8 /* NSNumber+JZExtension.m */,
				9D331F1E1E4AEB8A0000C9A8 /* UINavigationBar+JZExtension.h */,
				9D331F1F1E4AEB8A0000C9A8 /* UINavigationBar+JZExtension.m */,
				9D331F201E4AEB8A0000C9A8 /* UIToolbar+JZExtension.h */,
				9D331F211E4AEB8A0000C9A8 /* UIToolbar+JZExtension.m */,
			);
			path = Private;
			sourceTree = "<group>";
		};
		9D3E21031E48734900051D1A /* 删除cell-pop */ = {
			isa = PBXGroup;
			children = (
				9D3E21041E48735B00051D1A /* CQSBDelCellView.h */,
				9D3E21051E48735B00051D1A /* CQSBDelCellView.m */,
			);
			path = "删除cell-pop";
			sourceTree = "<group>";
		};
		9D4524F21E2F118D002E5E9A /* plist文件 */ = {
			isa = PBXGroup;
			children = (
				9DE8ED171E3720B800247FCA /* api_discoverSelf.plist */,
				9DE8ED151E37205700247FCA /* api_discoverLatest.plist */,
				9DE8ED131E37204700247FCA /* api_discoverHot.plist */,
				9D4E92B61E31F508001F8B47 /* cqsb_newsList.plist */,
				9D4524F31E2F1594002E5E9A /* cqsb_newstype.plist */,
			);
			path = "plist文件";
			sourceTree = "<group>";
		};
		9D4525021E2F66D6002E5E9A /* 发布-push */ = {
			isa = PBXGroup;
			children = (
				9D4525031E2F66D6002E5E9A /* controller */,
				9D4525041E2F66D6002E5E9A /* model */,
				9D4525051E2F66D6002E5E9A /* view */,
			);
			path = "发布-push";
			sourceTree = "<group>";
		};
		9D4525031E2F66D6002E5E9A /* controller */ = {
			isa = PBXGroup;
			children = (
				9D4525061E2F6762002E5E9A /* CQSBPushHomeVC.h */,
				9D4525071E2F6762002E5E9A /* CQSBPushHomeVC.m */,
			);
			path = controller;
			sourceTree = "<group>";
		};
		9D4525041E2F66D6002E5E9A /* model */ = {
			isa = PBXGroup;
			children = (
			);
			path = model;
			sourceTree = "<group>";
		};
		9D4525051E2F66D6002E5E9A /* view */ = {
			isa = PBXGroup;
			children = (
			);
			path = view;
			sourceTree = "<group>";
		};
		9D656A4A1E35ED0C00248AAF /* 启动广告-LunchAD */ = {
			isa = PBXGroup;
			children = (
			);
			path = "启动广告-LunchAD";
			sourceTree = "<group>";
		};
		9D6661CF1E1E316C00194595 = {
			isa = PBXGroup;
			children = (
				9D6661DA1E1E316C00194595 /* cqtimes */,
				9D6661D91E1E316C00194595 /* Products */,
				8E1309DED54015B197B92AE3 /* Pods */,
				59E64E65EF76A83C23D0C880 /* Frameworks */,
			);
			sourceTree = "<group>";
		};
		9D6661D91E1E316C00194595 /* Products */ = {
			isa = PBXGroup;
			children = (
				9D6661D81E1E316C00194595 /* cqtimes.app */,
			);
			name = Products;
			sourceTree = "<group>";
		};
		9D6661DA1E1E316C00194595 /* cqtimes */ = {
			isa = PBXGroup;
			children = (
				9DBC66C51E471BCA003C9411 /* 2017-02-05 14.56.42.gif */,
				9D6661F71E1E365D00194595 /* 首页-home */,
				9D4525021E2F66D6002E5E9A /* 发布-push */,
				9D6661FB1E1E365D00194595 /* 我-me */,
				9D6661F21E1E365D00194595 /* 分类-category */,
				9D6661F31E1E365D00194595 /* 工具-tool */,
				9D6661F41E1E365D00194595 /* 公共-public */,
				9D6661F51E1E365D00194595 /* 其他-other */,
				9D6661F61E1E365D00194595 /* 三方库-lib */,
				9D6661FF1E1E369500194595 /* 主文件-main */,
				9D6661DE1E1E316C00194595 /* AppDelegate.h */,
				9D6661DF1E1E316C00194595 /* AppDelegate.m */,
				9D6661E71E1E316C00194595 /* Assets.xcassets */,
				9D6661E91E1E316C00194595 /* LaunchScreen.storyboard */,
				9D6661EC1E1E316C00194595 /* Info.plist */,
				9D6661DB1E1E316C00194595 /* Supporting Files */,
			);
			path = cqtimes;
			sourceTree = "<group>";
		};
		9D6661DB1E1E316C00194595 /* Supporting Files */ = {
			isa = PBXGroup;
			children = (
				9D6661DC1E1E316C00194595 /* main.m */,
			);
			name = "Supporting Files";
			sourceTree = "<group>";
		};
		9D6661F21E1E365D00194595 /* 分类-category */ = {
			isa = PBXGroup;
			children = (
				9D6662201E1E44CB00194595 /* NSString+HSString.h */,
				9D6662211E1E44CB00194595 /* NSString+HSString.m */,
				9D6662221E1E44CB00194595 /* UIBarButtonItem+HSExtension.h */,
				9D6662231E1E44CB00194595 /* UIBarButtonItem+HSExtension.m */,
				9D6662241E1E44CB00194595 /* UIButton+HSButton.h */,
				9D6662251E1E44CB00194595 /* UIButton+HSButton.m */,
				9D6662261E1E44CB00194595 /* UIImage+Image.h */,
				9D6662271E1E44CB00194595 /* UIImage+Image.m */,
				9D6662281E1E44CB00194595 /* UIImageView+HSRound.h */,
				9D6662291E1E44CB00194595 /* UIImageView+HSRound.m */,
				9D66622A1E1E44CB00194595 /* UILabel+HSLabel.h */,
				9D66622B1E1E44CB00194595 /* UILabel+HSLabel.m */,
				9D66622C1E1E44CB00194595 /* UINavigationBar+HSNavigationBar.h */,
				9D66622D1E1E44CB00194595 /* UINavigationBar+HSNavigationBar.m */,
				9D66622E1E1E44CB00194595 /* UITextField+HSTextField.h */,
				9D66622F1E1E44CB00194595 /* UITextField+HSTextField.m */,
				9D6662301E1E44CB00194595 /* UIView+ZKBView.h */,
				9D6662311E1E44CB00194595 /* UIView+ZKBView.m */,
			);
			path = "分类-category";
			sourceTree = "<group>";
		};
		9D6661F31E1E365D00194595 /* 工具-tool */ = {
			isa = PBXGroup;
			children = (
				9D3E21031E48734900051D1A /* 删除cell-pop */,
				9D656A4A1E35ED0C00248AAF /* 启动广告-LunchAD */,
				9D6662111E1E3E7A00194595 /* 网络请求-Http */,
				9D6662121E1E3E7A00194595 /* 自定义-MJref */,
				9D4524E31E2F05D5002E5E9A /* HSManager.h */,
				9D4524E41E2F05D5002E5E9A /* HSManager.m */,
			);
			path = "工具-tool";
			sourceTree = "<group>";
		};
		9D6661F41E1E365D00194595 /* 公共-public */ = {
			isa = PBXGroup;
			children = (
				9D4524E61E2F066D002E5E9A /* CQSB_UserSingleton.h */,
				9D4524E71E2F066D002E5E9A /* CQSB_UserSingleton.m */,
				9D4524EC1E2F0A93002E5E9A /* CQSB_AppSingleton.h */,
				9D4524ED1E2F0A93002E5E9A /* CQSB_AppSingleton.m */,
			);
			path = "公共-public";
			sourceTree = "<group>";
		};
		9D6661F51E1E365D00194595 /* 其他-other */ = {
			isa = PBXGroup;
			children = (
				9D4524DD1E2F05A4002E5E9A /* Foundation+Log.m */,
				9D4524DE1E2F05A4002E5E9A /* Reachability.h */,
				9D4524DF1E2F05A4002E5E9A /* Reachability.m */,
				9D4524E01E2F05A4002E5E9A /* Singleton.h */,
			);
			path = "其他-other";
			sourceTree = "<group>";
		};
		9D6661F61E1E365D00194595 /* 三方库-lib */ = {
			isa = PBXGroup;
			children = (
				9D331F141E4AEB8A0000C9A8 /* JZNavigationExtension */,
				9D66620D1E1E3C4100194595 /* FDFullscreenPopGesture */,
			);
			path = "三方库-lib";
			sourceTree = "<group>";
		};
		9D6661F71E1E365D00194595 /* 首页-home */ = {
			isa = PBXGroup;
			children = (
				9D6661F81E1E365D00194595 /* controllers */,
				9D6661F91E1E365D00194595 /* models */,
				9D6661FA1E1E365D00194595 /* views */,
			);
			path = "首页-home";
			sourceTree = "<group>";
		};
		9D6661F81E1E365D00194595 /* controllers */ = {
			isa = PBXGroup;
			children = (
				9D6662041E1E3A8300194595 /* CQSBHomeVC.h */,
				9D6662051E1E3A8300194595 /* CQSBHomeVC.m */,
				9D557AB61E209DA400F54EBB /* CQSBBasicVC.h */,
				9D557AB71E209DA400F54EBB /* CQSBBasicVC.m */,
				9D4524EF1E2F0F79002E5E9A /* CQSBNewsTypeVC.h */,
				9D4524F01E2F0F79002E5E9A /* CQSBNewsTypeVC.m */,
				8763EDA51E33CCAC0099DE85 /* CQSBNewsDetailVC.h */,
				8763EDA61E33CCAC0099DE85 /* CQSBNewsDetailVC.m */,
				9D331EB61E4ABEBB0000C9A8 /* CQSBMeCenterVC.h */,
				9D331EB71E4ABEBB0000C9A8 /* CQSBMeCenterVC.m */,
			);
			path = controllers;
			sourceTree = "<group>";
		};
		9D6661F91E1E365D00194595 /* models */ = {
			isa = PBXGroup;
			children = (
				9D4524FF1E2F4DE2002E5E9A /* CQSBNewsTypeModel.h */,
				9D4525001E2F4DE2002E5E9A /* CQSBNewsTypeModel.m */,
				9D4E92B81E31F5D8001F8B47 /* CQSBNewsListModel.h */,
				9D4E92B91E31F5D8001F8B47 /* CQSBNewsListModel.m */,
			);
			path = models;
			sourceTree = "<group>";
		};
		9D6661FA1E1E365D00194595 /* views */ = {
			isa = PBXGroup;
			children = (
				9D66623B1E1E456500194595 /* CQSBHomeTitleBtn.h */,
				9D66623C1E1E456500194595 /* CQSBHomeTitleBtn.m */,
				9D4524F51E2F35FC002E5E9A /* CQSBNewTypeCollectionReusableView.h */,
				9D4524F61E2F35FC002E5E9A /* CQSBNewTypeCollectionReusableView.m */,
				9D4524F71E2F35FC002E5E9A /* CQSBNewTypeCollectionReusableView.xib */,
				9D4524FA1E2F4D1A002E5E9A /* CQSBNewsTypeCell.h */,
				9D4524FB1E2F4D1A002E5E9A /* CQSBNewsTypeCell.m */,
				9D4524FC1E2F4D1A002E5E9A /* CQSBNewsTypeCell.xib */,
				9D4E92BB1E31FA01001F8B47 /* CQSBNewSingleType1Cell.h */,
				9D4E92BC1E31FA01001F8B47 /* CQSBNewSingleType1Cell.m */,
				9D4E92BD1E31FA01001F8B47 /* CQSBNewSingleType1Cell.xib */,
				9D4E92C01E32028E001F8B47 /* CQSBNewSingleType2Cell.h */,
				9D4E92C11E32028E001F8B47 /* CQSBNewSingleType2Cell.m */,
				9D4E92C21E32028E001F8B47 /* CQSBNewSingleType2Cell.xib */,
				9D4E92C51E32029A001F8B47 /* CQSBNewSingleType3Cell.h */,
				9D4E92C61E32029A001F8B47 /* CQSBNewSingleType3Cell.m */,
				9D4E92C71E32029A001F8B47 /* CQSBNewSingleType3Cell.xib */,
				8763ED781E3390DA0099DE85 /* CQSBNewSingleType4Cell.h */,
				8763ED791E3390DA0099DE85 /* CQSBNewSingleType4Cell.m */,
				8763ED7A1E3390DA0099DE85 /* CQSBNewSingleType4Cell.xib */,
			);
			path = views;
			sourceTree = "<group>";
		};
		9D6661FB1E1E365D00194595 /* 我-me */ = {
			isa = PBXGroup;
			children = (
				9D6661FC1E1E365D00194595 /* controllers */,
				9D6661FD1E1E365D00194595 /* models */,
				9D6661FE1E1E365D00194595 /* views */,
			);
			path = "我-me";
			sourceTree = "<group>";
		};
		9D6661FC1E1E365D00194595 /* controllers */ = {
			isa = PBXGroup;
			children = (
				9D6662071E1E3A9700194595 /* CQSBMeVC.h */,
				9D6662081E1E3A9700194595 /* CQSBMeVC.m */,
			);
			path = controllers;
			sourceTree = "<group>";
		};
		9D6661FD1E1E365D00194595 /* models */ = {
			isa = PBXGroup;
			children = (
				9DE8ED101E37065F00247FCA /* CQSBDiscoverModel.h */,
				9DE8ED111E37065F00247FCA /* CQSBDiscoverModel.m */,
			);
			path = models;
			sourceTree = "<group>";
		};
		9D6661FE1E1E365D00194595 /* views */ = {
			isa = PBXGroup;
			children = (
				9DE8ED0B1E3703DB00247FCA /* CQSBDiscoverCell.h */,
				9DE8ED0C1E3703DB00247FCA /* CQSBDiscoverCell.m */,
				9DE8ED0D1E3703DB00247FCA /* CQSBDiscoverCell.xib */,
			);
			path = views;
			sourceTree = "<group>";
		};
		9D6661FF1E1E369500194595 /* 主文件-main */ = {
			isa = PBXGroup;
			children = (
				9D6662031E1E394200194595 /* PrefixHeader.pch */,
				9D5306731E2DB54300C561CE /* CQSBTabBar.h */,
				9D5306741E2DB54300C561CE /* CQSBTabBar.m */,
				9D6662001E1E390C00194595 /* CQSBTabBarController.h */,
				9D6662011E1E390C00194595 /* CQSBTabBarController.m */,
				9D66620A1E1E3AB100194595 /* CQSBNavigationController.h */,
				9D66620B1E1E3AB100194595 /* CQSBNavigationController.m */,
			);
			path = "主文件-main";
			sourceTree = "<group>";
		};
		9D66620D1E1E3C4100194595 /* FDFullscreenPopGesture */ = {
			isa = PBXGroup;
			children = (
				9D66620E1E1E3C4100194595 /* UINavigationController+FDFullscreenPopGesture.h */,
				9D66620F1E1E3C4100194595 /* UINavigationController+FDFullscreenPopGesture.m */,
			);
			path = FDFullscreenPopGesture;
			sourceTree = "<group>";
		};
		9D6662111E1E3E7A00194595 /* 网络请求-Http */ = {
			isa = PBXGroup;
			children = (
				9D4524F21E2F118D002E5E9A /* plist文件 */,
				9D66621F1E1E3FA800194595 /* ApiHeader.h */,
				9D4524E91E2F085D002E5E9A /* HS_Http.h */,
				9D4524EA1E2F085D002E5E9A /* HS_Http.m */,
			);
			path = "网络请求-Http";
			sourceTree = "<group>";
		};
		9D6662121E1E3E7A00194595 /* 自定义-MJref */ = {
			isa = PBXGroup;
			children = (
				9D66621C1E1E3F1B00194595 /* CQSBRefreshNormalHeader.h */,
				9D66621D1E1E3F1B00194595 /* CQSBRefreshNormalHeader.m */,
				9D6662131E1E3ED700194595 /* CQSBRefreshFooter.h */,
				9D6662141E1E3ED700194595 /* CQSBRefreshFooter.m */,
				9D6662191E1E3F0600194595 /* CQSBRefreshGifHeader.h */,
				9D66621A1E1E3F0600194595 /* CQSBRefreshGifHeader.m */,
				9D6662161E1E3EEF00194595 /* CQSBRefreshGifFooter.h */,
				9D6662171E1E3EEF00194595 /* CQSBRefreshGifFooter.m */,
			);
			path = "自定义-MJref";
			sourceTree = "<group>";
		};
/* End PBXGroup section */

/* Begin PBXNativeTarget section */
		9D6661D71E1E316C00194595 /* cqtimes */ = {
			isa = PBXNativeTarget;
			buildConfigurationList = 9D6661EF1E1E316C00194595 /* Build configuration list for PBXNativeTarget "cqtimes" */;
			buildPhases = (
				9A42AD73B40A2440DF9F9150 /* [CP] Check Pods Manifest.lock */,
				9D6661D41E1E316C00194595 /* Sources */,
				9D6661D51E1E316C00194595 /* Frameworks */,
				9D6661D61E1E316C00194595 /* Resources */,
				B6D5EC5096265B9C5D9B3CD4 /* [CP] Embed Pods Frameworks */,
				5B901E8C7F6E35B4EB81C8CF /* [CP] Copy Pods Resources */,
			);
			buildRules = (
			);
			dependencies = (
			);
			name = cqtimes;
			productName = cqtimes;
			productReference = 9D6661D81E1E316C00194595 /* cqtimes.app */;
			productType = "com.apple.product-type.application";
		};
/* End PBXNativeTarget section */

/* Begin PBXProject section */
		9D6661D01E1E316C00194595 /* Project object */ = {
			isa = PBXProject;
			attributes = {
				CLASSPREFIX = CQSB;
				LastUpgradeCheck = 0820;
				ORGANIZATIONNAME = com.houshuai;
				TargetAttributes = {
					9D6661D71E1E316C00194595 = {
						CreatedOnToolsVersion = 8.2.1;
						DevelopmentTeam = 42XBQC8V6Q;
						ProvisioningStyle = Automatic;
					};
				};
			};
			buildConfigurationList = 9D6661D31E1E316C00194595 /* Build configuration list for PBXProject "cqtimes" */;
			compatibilityVersion = "Xcode 3.2";
			developmentRegion = English;
			hasScannedForEncodings = 0;
			knownRegions = (
				en,
				Base,
			);
			mainGroup = 9D6661CF1E1E316C00194595;
			productRefGroup = 9D6661D91E1E316C00194595 /* Products */;
			projectDirPath = "";
			projectRoot = "";
			targets = (
				9D6661D71E1E316C00194595 /* cqtimes */,
			);
		};
/* End PBXProject section */

/* Begin PBXResourcesBuildPhase section */
		9D6661D61E1E316C00194595 /* Resources */ = {
			isa = PBXResourcesBuildPhase;
			buildActionMask = 2147483647;
			files = (
				9D4524F41E2F1594002E5E9A /* cqsb_newstype.plist in Resources */,
				9D4524FE1E2F4D1A002E5E9A /* CQSBNewsTypeCell.xib in Resources */,
				9D4E92C91E32029A001F8B47 /* CQSBNewSingleType3Cell.xib in Resources */,
				9D4524F91E2F35FC002E5E9A /* CQSBNewTypeCollectionReusableView.xib in Resources */,
				8763ED7C1E3390DA0099DE85 /* CQSBNewSingleType4Cell.xib in Resources */,
				9D6661EB1E1E316C00194595 /* LaunchScreen.storyboard in Resources */,
				9DE8ED181E3720B800247FCA /* api_discoverSelf.plist in Resources */,
				9DE8ED141E37204700247FCA /* api_discoverHot.plist in Resources */,
				9DBC66C61E471BCA003C9411 /* 2017-02-05 14.56.42.gif in Resources */,
				9DE8ED161E37205700247FCA /* api_discoverLatest.plist in Resources */,
				9D4E92C41E32028E001F8B47 /* CQSBNewSingleType2Cell.xib in Resources */,
				9D4E92B71E31F508001F8B47 /* cqsb_newsList.plist in Resources */,
				9D6661E81E1E316C00194595 /* Assets.xcassets in Resources */,
				9DE8ED0F1E3703DB00247FCA /* CQSBDiscoverCell.xib in Resources */,
				9D4E92BF1E31FA01001F8B47 /* CQSBNewSingleType1Cell.xib in Resources */,
			);
			runOnlyForDeploymentPostprocessing = 0;
		};
/* End PBXResourcesBuildPhase section */

/* Begin PBXShellScriptBuildPhase section */
		5B901E8C7F6E35B4EB81C8CF /* [CP] Copy Pods Resources */ = {
			isa = PBXShellScriptBuildPhase;
			buildActionMask = 2147483647;
			files = (
			);
			inputPaths = (
			);
			name = "[CP] Copy Pods Resources";
			outputPaths = (
			);
			runOnlyForDeploymentPostprocessing = 0;
			shellPath = /bin/sh;
			shellScript = "\"${SRCROOT}/Pods/Target Support Files/Pods-cqtimes/Pods-cqtimes-resources.sh\"\n";
			showEnvVarsInLog = 0;
		};
		9A42AD73B40A2440DF9F9150 /* [CP] Check Pods Manifest.lock */ = {
			isa = PBXShellScriptBuildPhase;
			buildActionMask = 2147483647;
			files = (
			);
			inputPaths = (
			);
			name = "[CP] Check Pods Manifest.lock";
			outputPaths = (
			);
			runOnlyForDeploymentPostprocessing = 0;
			shellPath = /bin/sh;
			shellScript = "diff \"${PODS_ROOT}/../Podfile.lock\" \"${PODS_ROOT}/Manifest.lock\" > /dev/null\nif [ $? != 0 ] ; then\n    # print error to STDERR\n    echo \"error: The sandbox is not in sync with the Podfile.lock. Run 'pod install' or update your CocoaPods installation.\" >&2\n    exit 1\nfi\n";
			showEnvVarsInLog = 0;
		};
		B6D5EC5096265B9C5D9B3CD4 /* [CP] Embed Pods Frameworks */ = {
			isa = PBXShellScriptBuildPhase;
			buildActionMask = 2147483647;
			files = (
			);
			inputPaths = (
			);
			name = "[CP] Embed Pods Frameworks";
			outputPaths = (
			);
			runOnlyForDeploymentPostprocessing = 0;
			shellPath = /bin/sh;
			shellScript = "\"${SRCROOT}/Pods/Target Support Files/Pods-cqtimes/Pods-cqtimes-frameworks.sh\"\n";
			showEnvVarsInLog = 0;
		};
/* End PBXShellScriptBuildPhase section */

/* Begin PBXSourcesBuildPhase section */
		9D6661D41E1E316C00194595 /* Sources */ = {
			isa = PBXSourcesBuildPhase;
			buildActionMask = 2147483647;
			files = (
				9D557AB81E209DA400F54EBB /* CQSBBasicVC.m in Sources */,
				9D6662371E1E44CB00194595 /* UILabel+HSLabel.m in Sources */,
				9D6661E01E1E316C00194595 /* AppDelegate.m in Sources */,
				9D66621E1E1E3F1B00194595 /* CQSBRefreshNormalHeader.m in Sources */,
				9D4524EE1E2F0A93002E5E9A /* CQSB_AppSingleton.m in Sources */,
				9D4524E21E2F05A4002E5E9A /* Reachability.m in Sources */,
				9D4525011E2F4DE2002E5E9A /* CQSBNewsTypeModel.m in Sources */,
				9D331F271E4AEB8A0000C9A8 /* _JZValue.m in Sources */,
				8763EDA71E33CCAC0099DE85 /* CQSBNewsDetailVC.m in Sources */,
				9D6662341E1E44CB00194595 /* UIButton+HSButton.m in Sources */,
				9D4524EB1E2F085D002E5E9A /* HS_Http.m in Sources */,
				8763ED7B1E3390DA0099DE85 /* CQSBNewSingleType4Cell.m in Sources */,
				9D6662091E1E3A9700194595 /* CQSBMeVC.m in Sources */,
				9D6662321E1E44CB00194595 /* NSString+HSString.m in Sources */,
				9D6662381E1E44CB00194595 /* UINavigationBar+HSNavigationBar.m in Sources */,
				9D4524F81E2F35FC002E5E9A /* CQSBNewTypeCollectionReusableView.m in Sources */,
				9D66621B1E1E3F0600194595 /* CQSBRefreshGifHeader.m in Sources */,
				9D331F2C1E4AEB8A0000C9A8 /* UIViewController+JZExtension.m in Sources */,
				9D6662351E1E44CB00194595 /* UIImage+Image.m in Sources */,
				9D4E92BE1E31FA01001F8B47 /* CQSBNewSingleType1Cell.m in Sources */,
				9D66620C1E1E3AB100194595 /* CQSBNavigationController.m in Sources */,
				9D6662021E1E390C00194595 /* CQSBTabBarController.m in Sources */,
				9D331EB81E4ABEBB0000C9A8 /* CQSBMeCenterVC.m in Sources */,
				9D66623D1E1E456500194595 /* CQSBHomeTitleBtn.m in Sources */,
				9D331F291E4AEB8A0000C9A8 /* UINavigationBar+JZExtension.m in Sources */,
				9D331F261E4AEB8A0000C9A8 /* _JZNavigationInteractiveTransition.m in Sources */,
				9D4524E81E2F066D002E5E9A /* CQSB_UserSingleton.m in Sources */,
				9D6662331E1E44CB00194595 /* UIBarButtonItem+HSExtension.m in Sources */,
				9D6662361E1E44CB00194595 /* UIImageView+HSRound.m in Sources */,
				9D331F2A1E4AEB8A0000C9A8 /* UIToolbar+JZExtension.m in Sources */,
				9D4524E51E2F05D5002E5E9A /* HSManager.m in Sources */,
				9D4525081E2F6762002E5E9A /* CQSBPushHomeVC.m in Sources */,
				9D331F281E4AEB8A0000C9A8 /* NSNumber+JZExtension.m in Sources */,
				9D4E92BA1E31F5D8001F8B47 /* CQSBNewsListModel.m in Sources */,
				9D4524FD1E2F4D1A002E5E9A /* CQSBNewsTypeCell.m in Sources */,
				9D6662391E1E44CB00194595 /* UITextField+HSTextField.m in Sources */,
				9D4E92C81E32029A001F8B47 /* CQSBNewSingleType3Cell.m in Sources */,
				9D6662061E1E3A8300194595 /* CQSBHomeVC.m in Sources */,
				9D3E21061E48735B00051D1A /* CQSBDelCellView.m in Sources */,
				9D4524F11E2F0F79002E5E9A /* CQSBNewsTypeVC.m in Sources */,
				9D5306751E2DB54300C561CE /* CQSBTabBar.m in Sources */,
				9D6662151E1E3ED800194595 /* CQSBRefreshFooter.m in Sources */,
				9DE8ED0E1E3703DB00247FCA /* CQSBDiscoverCell.m in Sources */,
				9D4E92C31E32028E001F8B47 /* CQSBNewSingleType2Cell.m in Sources */,
				9D6662101E1E3C4100194595 /* UINavigationController+FDFullscreenPopGesture.m in Sources */,
				9D66623A1E1E44CB00194595 /* UIView+ZKBView.m in Sources */,
				9D6661DD1E1E316C00194595 /* main.m in Sources */,
				9D6662181E1E3EEF00194595 /* CQSBRefreshGifFooter.m in Sources */,
				9D4524E11E2F05A4002E5E9A /* Foundation+Log.m in Sources */,
				9DE8ED121E37065F00247FCA /* CQSBDiscoverModel.m in Sources */,
				9D331F2B1E4AEB8A0000C9A8 /* UINavigationController+JZExtension.m in Sources */,
			);
			runOnlyForDeploymentPostprocessing = 0;
		};
/* End PBXSourcesBuildPhase section */

/* Begin PBXVariantGroup section */
		9D6661E91E1E316C00194595 /* LaunchScreen.storyboard */ = {
			isa = PBXVariantGroup;
			children = (
				9D6661EA1E1E316C00194595 /* Base */,
			);
			name = LaunchScreen.storyboard;
			sourceTree = "<group>";
		};
/* End PBXVariantGroup section */

/* Begin XCBuildConfiguration section */
		9D6661ED1E1E316C00194595 /* Debug */ = {
			isa = XCBuildConfiguration;
			buildSettings = {
				ALWAYS_SEARCH_USER_PATHS = NO;
				CLANG_ANALYZER_NONNULL = YES;
				CLANG_CXX_LANGUAGE_STANDARD = "gnu++0x";
				CLANG_CXX_LIBRARY = "libc++";
				CLANG_ENABLE_MODULES = YES;
				CLANG_ENABLE_OBJC_ARC = YES;
				CLANG_WARN_BOOL_CONVERSION = YES;
				CLANG_WARN_CONSTANT_CONVERSION = YES;
				CLANG_WARN_DIRECT_OBJC_ISA_USAGE = YES_ERROR;
				CLANG_WARN_DOCUMENTATION_COMMENTS = YES;
				CLANG_WARN_EMPTY_BODY = YES;
				CLANG_WARN_ENUM_CONVERSION = YES;
				CLANG_WARN_INFINITE_RECURSION = YES;
				CLANG_WARN_INT_CONVERSION = YES;
				CLANG_WARN_OBJC_ROOT_CLASS = YES_ERROR;
				CLANG_WARN_SUSPICIOUS_MOVE = YES;
				CLANG_WARN_UNREACHABLE_CODE = YES;
				CLANG_WARN__DUPLICATE_METHOD_MATCH = YES;
				"CODE_SIGN_IDENTITY[sdk=iphoneos*]" = "iPhone Developer";
				COPY_PHASE_STRIP = NO;
				DEBUG_INFORMATION_FORMAT = dwarf;
				ENABLE_STRICT_OBJC_MSGSEND = YES;
				ENABLE_TESTABILITY = YES;
				GCC_C_LANGUAGE_STANDARD = gnu99;
				GCC_DYNAMIC_NO_PIC = NO;
				GCC_NO_COMMON_BLOCKS = YES;
				GCC_OPTIMIZATION_LEVEL = 0;
				GCC_PREPROCESSOR_DEFINITIONS = (
					"DEBUG=1",
					"$(inherited)",
				);
				GCC_WARN_64_TO_32_BIT_CONVERSION = YES;
				GCC_WARN_ABOUT_RETURN_TYPE = YES_ERROR;
				GCC_WARN_UNDECLARED_SELECTOR = YES;
				GCC_WARN_UNINITIALIZED_AUTOS = YES_AGGRESSIVE;
				GCC_WARN_UNUSED_FUNCTION = YES;
				GCC_WARN_UNUSED_VARIABLE = YES;
				IPHONEOS_DEPLOYMENT_TARGET = 10.2;
				MTL_ENABLE_DEBUG_INFO = YES;
				ONLY_ACTIVE_ARCH = YES;
				SDKROOT = iphoneos;
			};
			name = Debug;
		};
		9D6661EE1E1E316C00194595 /* Release */ = {
			isa = XCBuildConfiguration;
			buildSettings = {
				ALWAYS_SEARCH_USER_PATHS = NO;
				CLANG_ANALYZER_NONNULL = YES;
				CLANG_CXX_LANGUAGE_STANDARD = "gnu++0x";
				CLANG_CXX_LIBRARY = "libc++";
				CLANG_ENABLE_MODULES = YES;
				CLANG_ENABLE_OBJC_ARC = YES;
				CLANG_WARN_BOOL_CONVERSION = YES;
				CLANG_WARN_CONSTANT_CONVERSION = YES;
				CLANG_WARN_DIRECT_OBJC_ISA_USAGE = YES_ERROR;
				CLANG_WARN_DOCUMENTATION_COMMENTS = YES;
				CLANG_WARN_EMPTY_BODY = YES;
				CLANG_WARN_ENUM_CONVERSION = YES;
				CLANG_WARN_INFINITE_RECURSION = YES;
				CLANG_WARN_INT_CONVERSION = YES;
				CLANG_WARN_OBJC_ROOT_CLASS = YES_ERROR;
				CLANG_WARN_SUSPICIOUS_MOVE = YES;
				CLANG_WARN_UNREACHABLE_CODE = YES;
				CLANG_WARN__DUPLICATE_METHOD_MATCH = YES;
				"CODE_SIGN_IDENTITY[sdk=iphoneos*]" = "iPhone Developer";
				COPY_PHASE_STRIP = NO;
				DEBUG_INFORMATION_FORMAT = "dwarf-with-dsym";
				ENABLE_NS_ASSERTIONS = NO;
				ENABLE_STRICT_OBJC_MSGSEND = YES;
				GCC_C_LANGUAGE_STANDARD = gnu99;
				GCC_NO_COMMON_BLOCKS = YES;
				GCC_WARN_64_TO_32_BIT_CONVERSION = YES;
				GCC_WARN_ABOUT_RETURN_TYPE = YES_ERROR;
				GCC_WARN_UNDECLARED_SELECTOR = YES;
				GCC_WARN_UNINITIALIZED_AUTOS = YES_AGGRESSIVE;
				GCC_WARN_UNUSED_FUNCTION = YES;
				GCC_WARN_UNUSED_VARIABLE = YES;
				IPHONEOS_DEPLOYMENT_TARGET = 10.2;
				MTL_ENABLE_DEBUG_INFO = NO;
				SDKROOT = iphoneos;
				VALIDATE_PRODUCT = YES;
			};
			name = Release;
		};
		9D6661F01E1E316C00194595 /* Debug */ = {
			isa = XCBuildConfiguration;
			baseConfigurationReference = C4E9E0A9B96FEC4A9CF3F1B2 /* Pods-cqtimes.debug.xcconfig */;
			buildSettings = {
				ASSETCATALOG_COMPILER_APPICON_NAME = AppIcon;
				ASSETCATALOG_COMPILER_LAUNCHIMAGE_NAME = LaunchImage;
				DEVELOPMENT_TEAM = 42XBQC8V6Q;
				GCC_PREFIX_HEADER = "$(PRODUCT_NAME)/主文件-main/PrefixHeader.pch";
				INFOPLIST_FILE = cqtimes/Info.plist;
				IPHONEOS_DEPLOYMENT_TARGET = 9.0;
				LD_RUNPATH_SEARCH_PATHS = "$(inherited) @executable_path/Frameworks";
				PRODUCT_BUNDLE_IDENTIFIER = com.houshuai.cqtimes;
				PRODUCT_NAME = "$(TARGET_NAME)";
			};
			name = Debug;
		};
		9D6661F11E1E316C00194595 /* Release */ = {
			isa = XCBuildConfiguration;
			baseConfigurationReference = 6C4F918D5DBAB0F31F8AD5B0 /* Pods-cqtimes.release.xcconfig */;
			buildSettings = {
				ASSETCATALOG_COMPILER_APPICON_NAME = AppIcon;
				ASSETCATALOG_COMPILER_LAUNCHIMAGE_NAME = LaunchImage;
				DEVELOPMENT_TEAM = 42XBQC8V6Q;
				GCC_PREFIX_HEADER = "$(PRODUCT_NAME)/主文件-main/PrefixHeader.pch";
				INFOPLIST_FILE = cqtimes/Info.plist;
				IPHONEOS_DEPLOYMENT_TARGET = 9.0;
				LD_RUNPATH_SEARCH_PATHS = "$(inherited) @executable_path/Frameworks";
				PRODUCT_BUNDLE_IDENTIFIER = com.houshuai.cqtimes;
				PRODUCT_NAME = "$(TARGET_NAME)";
			};
			name = Release;
		};
/* End XCBuildConfiguration section */

/* Begin XCConfigurationList section */
		9D6661D31E1E316C00194595 /* Build configuration list for PBXProject "cqtimes" */ = {
			isa = XCConfigurationList;
			buildConfigurations = (
				9D6661ED1E1E316C00194595 /* Debug */,
				9D6661EE1E1E316C00194595 /* Release */,
			);
			defaultConfigurationIsVisible = 0;
			defaultConfigurationName = Release;
		};
		9D6661EF1E1E316C00194595 /* Build configuration list for PBXNativeTarget "cqtimes" */ = {
			isa = XCConfigurationList;
			buildConfigurations = (
				9D6661F01E1E316C00194595 /* Debug */,
				9D6661F11E1E316C00194595 /* Release */,
			);
			defaultConfigurationIsVisible = 0;
			defaultConfigurationName = Release;
		};
/* End XCConfigurationList section */
	};
	rootObject = 9D6661D01E1E316C00194595 /* Project object */;
}
